
Microsoft Visual Studio Solution File, Format Version 12.00
# Visual Studio 15
VisualStudioVersion = 15.0.28307.757
MinimumVisualStudioVersion = 10.0.40219.1
Project("{FAE04EC0-301F-11D3-BF4B-00C04F79EFBC}") = "Livraria", "Livraria\Livraria.csproj", "{68C34154-9FB0-4F95-BAFA-1E017A50EF27}"
EndProject
Global
	GlobalSection(SolutionConfigurationPlatforms) = preSolution
		Debug|Any CPU = Debug|Any CPU
		Release|Any CPU = Release|Any CPU
	EndGlobalSection
	GlobalSection(ProjectConfigurationPlatforms) = postSolution
		{68C34154-9FB0-4F95-BAFA-1E017A50EF27}.Debug|Any CPU.ActiveCfg = Debug|Any CPU
		{68C34154-9FB0-4F95-BAFA-1E017A50EF27}.Debug|Any CPU.Build.0 = Debug|Any CPU
		{68C34154-9FB0-4F95-BAFA-1E017A50EF27}.Release|Any CPU.ActiveCfg = Release|Any CPU
		{68C34154-9FB0-4F95-BAFA-1E017A50EF27}.Release|Any CPU.Build.0 = Release|Any CPU
	EndGlobalSection
	GlobalSection(SolutionProperties) = preSolution
		HideSolutionNode = FALSE
	EndGlobalSection
	GlobalSection(ExtensibilityGlobals) = postSolution
		SolutionGuid = {958BC038-BC52-4681-85A4-3AF2B3DE1592}
	EndGlobalSection
EndGlobal
